
Microsoft Visual Studio Solution File, Format Version 12.00
# Visual Studio Version 17
VisualStudioVersion = 17.9.34728.123
MinimumVisualStudioVersion = 10.0.40219.1
Project("{FAE04EC0-301F-11D3-BF4B-00C04F79EFBC}") = "Baramenn test 2", "Baramenn test 2\Baramenn test 2.csproj", "{0299C96B-3251-413F-81B3-4790CB5FED72}"
EndProject
Global
	GlobalSection(SolutionConfigurationPlatforms) = preSolution
		Debug|Any CPU = Debug|Any CPU
		Release|Any CPU = Release|Any CPU
	EndGlobalSection
	GlobalSection(ProjectConfigurationPlatforms) = postSolution
		{0299C96B-3251-413F-81B3-4790CB5FED72}.Debug|Any CPU.ActiveCfg = Debug|Any CPU
		{0299C96B-3251-413F-81B3-4790CB5FED72}.Debug|Any CPU.Build.0 = Debug|Any CPU
		{0299C96B-3251-413F-81B3-4790CB5FED72}.Release|Any CPU.ActiveCfg = Release|Any CPU
		{0299C96B-3251-413F-81B3-4790CB5FED72}.Release|Any CPU.Build.0 = Release|Any CPU
	EndGlobalSection
	GlobalSection(SolutionProperties) = preSolution
		HideSolutionNode = FALSE
	EndGlobalSection
	GlobalSection(ExtensibilityGlobals) = postSolution
		SolutionGuid = {41510AAC-1F43-4265-809D-D3E3A846C83C}
	EndGlobalSection
EndGlobal
